
Microsoft Visual Studio Solution File, Format Version 12.00
# Visual Studio Version 16
VisualStudioVersion = 16.0.29306.81
MinimumVisualStudioVersion = 10.0.40219.1
Project("{FAE04EC0-301F-11D3-BF4B-00C04F79EFBC}") = "dotNETAcademyServer", "dotNETAcademyServer.csproj", "{B10C8E04-03D6-4F7A-A122-A2CDCDAF2727}"
EndProject
Global
	GlobalSection(SolutionConfigurationPlatforms) = preSolution
		Debug|Any CPU = Debug|Any CPU
		Release|Any CPU = Release|Any CPU
	EndGlobalSection
	GlobalSection(ProjectConfigurationPlatforms) = postSolution
		{B10C8E04-03D6-4F7A-A122-A2CDCDAF2727}.Debug|Any CPU.ActiveCfg = Debug|Any CPU
		{B10C8E04-03D6-4F7A-A122-A2CDCDAF2727}.Debug|Any CPU.Build.0 = Debug|Any CPU
		{B10C8E04-03D6-4F7A-A122-A2CDCDAF2727}.Release|Any CPU.ActiveCfg = Release|Any CPU
		{B10C8E04-03D6-4F7A-A122-A2CDCDAF2727}.Release|Any CPU.Build.0 = Release|Any CPU
	EndGlobalSection
	GlobalSection(SolutionProperties) = preSolution
		HideSolutionNode = FALSE
	EndGlobalSection
	GlobalSection(ExtensibilityGlobals) = postSolution
		SolutionGuid = {EAA26E5A-B761-4E38-A929-DFEB425075A2}
	EndGlobalSection
EndGlobal
